
Microsoft Visual Studio Solution File, Format Version 12.00
# Visual Studio 2013
VisualStudioVersion = 12.0.21005.1
MinimumVisualStudioVersion = 10.0.40219.1
Project("{E24C65DC-7377-472B-9ABA-BC803B73C61A}") = "Survey-online.Web", "http://localhost:52370", "{C364BF0A-C7D7-4DB3-96A9-1642FCDA1065}"
	ProjectSection(WebsiteProperties) = preProject
		UseIISExpress = "true"
		TargetFrameworkMoniker = ".NETFramework,Version%3Dv3.5"
		Debug.AspNetCompiler.VirtualPath = "/localhost_52370"
		Debug.AspNetCompiler.PhysicalPath = "Survey-online.Web\"
		Debug.AspNetCompiler.TargetPath = "PrecompiledWeb\localhost_52370\"
		Debug.AspNetCompiler.Updateable = "true"
		Debug.AspNetCompiler.ForceOverwrite = "true"
		Debug.AspNetCompiler.FixedNames = "false"
		Debug.AspNetCompiler.Debug = "True"
		Release.AspNetCompiler.VirtualPath = "/localhost_52370"
		Release.AspNetCompiler.PhysicalPath = "Survey-online.Web\"
		Release.AspNetCompiler.TargetPath = "PrecompiledWeb\localhost_52370\"
		Release.AspNetCompiler.Updateable = "true"
		Release.AspNetCompiler.ForceOverwrite = "true"
		Release.AspNetCompiler.FixedNames = "false"
		Release.AspNetCompiler.Debug = "False"
		SlnRelativePath = "Survey-online.Web\"
	EndProjectSection
EndProject
Global
	GlobalSection(SolutionConfigurationPlatforms) = preSolution
		Debug|Any CPU = Debug|Any CPU
	EndGlobalSection
	GlobalSection(ProjectConfigurationPlatforms) = postSolution
		{C364BF0A-C7D7-4DB3-96A9-1642FCDA1065}.Debug|Any CPU.ActiveCfg = Debug|Any CPU
		{C364BF0A-C7D7-4DB3-96A9-1642FCDA1065}.Debug|Any CPU.Build.0 = Debug|Any CPU
	EndGlobalSection
	GlobalSection(SolutionProperties) = preSolution
		HideSolutionNode = FALSE
	EndGlobalSection
EndGlobal
